
Microsoft Visual Studio Solution File, Format Version 12.00
# Visual Studio Version 17
VisualStudioVersion = 17.12.35707.178
MinimumVisualStudioVersion = 10.0.40219.1
Project("{FAE04EC0-301F-11D3-BF4B-00C04F79EFBC}") = "GeneticAlgorithm", "GeneticAlgorithm\GeneticAlgorithm.csproj", "{F3A88F6D-6E4A-49B4-A2AC-A1181461B12A}"
EndProject
Project("{FAE04EC0-301F-11D3-BF4B-00C04F79EFBC}") = "UnitTests", "UnitTests\UnitTests.csproj", "{9A4E4ADD-6611-495A-B300-39496A846170}"
EndProject
Project("{FAE04EC0-301F-11D3-BF4B-00C04F79EFBC}") = "TestFunc", "TestFunc\TestFunc.csproj", "{1D2C39FF-E622-47E6-B71A-69521F99F64C}"
EndProject
Global
	GlobalSection(SolutionConfigurationPlatforms) = preSolution
		Debug|Any CPU = Debug|Any CPU
		Release|Any CPU = Release|Any CPU
	EndGlobalSection
	GlobalSection(ProjectConfigurationPlatforms) = postSolution
		{F3A88F6D-6E4A-49B4-A2AC-A1181461B12A}.Debug|Any CPU.ActiveCfg = Debug|Any CPU
		{F3A88F6D-6E4A-49B4-A2AC-A1181461B12A}.Debug|Any CPU.Build.0 = Debug|Any CPU
		{F3A88F6D-6E4A-49B4-A2AC-A1181461B12A}.Release|Any CPU.ActiveCfg = Release|Any CPU
		{F3A88F6D-6E4A-49B4-A2AC-A1181461B12A}.Release|Any CPU.Build.0 = Release|Any CPU
		{9A4E4ADD-6611-495A-B300-39496A846170}.Debug|Any CPU.ActiveCfg = Debug|Any CPU
		{9A4E4ADD-6611-495A-B300-39496A846170}.Debug|Any CPU.Build.0 = Debug|Any CPU
		{9A4E4ADD-6611-495A-B300-39496A846170}.Release|Any CPU.ActiveCfg = Release|Any CPU
		{9A4E4ADD-6611-495A-B300-39496A846170}.Release|Any CPU.Build.0 = Release|Any CPU
		{1D2C39FF-E622-47E6-B71A-69521F99F64C}.Debug|Any CPU.ActiveCfg = Debug|Any CPU
		{1D2C39FF-E622-47E6-B71A-69521F99F64C}.Debug|Any CPU.Build.0 = Debug|Any CPU
		{1D2C39FF-E622-47E6-B71A-69521F99F64C}.Release|Any CPU.ActiveCfg = Release|Any CPU
		{1D2C39FF-E622-47E6-B71A-69521F99F64C}.Release|Any CPU.Build.0 = Release|Any CPU
	EndGlobalSection
	GlobalSection(SolutionProperties) = preSolution
		HideSolutionNode = FALSE
	EndGlobalSection
EndGlobal
